hash: 2cbac988af4d1d08c22a591d60571b457b6c4064fc2bd37024a3792a81d2d088
updated: 2019-03-18T00:52:22.271404+03:00
imports:
- name: github.com/dgrijalva/jwt-go
  version: 3af4c746e1c248ee8491a3e0c6f7a9cd831e95f8
- name: github.com/gorilla/mux
  version: 15a353a636720571d19e37b34a14499c3afa9991
- name: github.com/lib/pq
  version: 7aad666537ab32b76f0966145530335f1fed51fd
  subpackages:
  - oid
- name: golang.org/x/crypto
  version: a1f597ede03a7bef967a422b5b3a5bd08805a01e
  subpackages:
  - bcrypt
  - blowfish
testImports: []
